
Microsoft Visual Studio Solution File, Format Version 12.00
# Visual Studio Version 17
VisualStudioVersion = 17.4.33110.190
MinimumVisualStudioVersion = 10.0.40219.1
Project("{9A19103F-16F7-4668-BE54-9A1E7A4F7556}") = "InProcessFunction", "ExampleFunction\InProcessFunction.csproj", "{80985450-F739-4B27-90EB-E55511DA71E1}"
EndProject
Project("{9A19103F-16F7-4668-BE54-9A1E7A4F7556}") = "IsolatedFunction", "FunctionApp1\IsolatedFunction.csproj", "{48999B11-B91E-4BF4-A610-A9625633B623}"
EndProject
Global
	GlobalSection(SolutionConfigurationPlatforms) = preSolution
		Debug|Any CPU = Debug|Any CPU
		Release|Any CPU = Release|Any CPU
	EndGlobalSection
	GlobalSection(ProjectConfigurationPlatforms) = postSolution
		{80985450-F739-4B27-90EB-E55511DA71E1}.Debug|Any CPU.ActiveCfg = Debug|Any CPU
		{80985450-F739-4B27-90EB-E55511DA71E1}.Debug|Any CPU.Build.0 = Debug|Any CPU
		{80985450-F739-4B27-90EB-E55511DA71E1}.Release|Any CPU.ActiveCfg = Release|Any CPU
		{80985450-F739-4B27-90EB-E55511DA71E1}.Release|Any CPU.Build.0 = Release|Any CPU
		{48999B11-B91E-4BF4-A610-A9625633B623}.Debug|Any CPU.ActiveCfg = Debug|Any CPU
		{48999B11-B91E-4BF4-A610-A9625633B623}.Debug|Any CPU.Build.0 = Debug|Any CPU
		{48999B11-B91E-4BF4-A610-A9625633B623}.Release|Any CPU.ActiveCfg = Release|Any CPU
		{48999B11-B91E-4BF4-A610-A9625633B623}.Release|Any CPU.Build.0 = Release|Any CPU
	EndGlobalSection
	GlobalSection(SolutionProperties) = preSolution
		HideSolutionNode = FALSE
	EndGlobalSection
	GlobalSection(ExtensibilityGlobals) = postSolution
		SolutionGuid = {6EF82936-8541-4B25-AF5F-72D1694110E2}
	EndGlobalSection
EndGlobal
